codeberg.org/miekg/dns v0.5.21 h1:O+Ibq9IJuOeMoBnNmYdQmKJ7J9zgEsUqcbBhjsSrzIc=
codeberg.org/miekg/dns v0.5.21/go.mod h1:Q10KolpjjNhl9x14KdKA3s+7Xynb8Zqvjj9jWyzrYRA=
codeberg.org/miekg/dns v0.6.48 h1:+RZiJMKPq5BYjePB7AfTv7O+qf/3Kjsz9C4WmOUHdoA=
codeberg.org/miekg/dns v0.6.48/go.mod h1:fIxAzBMDPnXWSw0fp8+pfZMRiAqYY4+HHYLzUo/S6Dg=
github.com/golang-jwt/jwt/v5 v5.3.1 h1:kYf81DTWFe7t+1VvL7eS+jKFVWaUnK9cB1qbwn63YCY=
github.com/golang-jwt/jwt/v5 v5.3.1/go.mod h1:fxCRLWMO43lRc8nhHWY6LGqRcf+1gQWArsqaEUEa5bE=
github.com/google/uuid v1.6.0 h1:NIvaJDMOsjHA8n1jAhLSgzrAzy1Hgr+hNrb57e+94F0=
github.com/google/uuid v1.6.0/go.mod h1:TIyPZe4MgqvfeYDBFedMoGGpEw/LqOeaOT+nhxU+yHo=
github.com/joho/godotenv v1.5.1 h1:7eLL/+HRGLY0ldzfGMeQkb7vMd0as4CfYvUVzLqw0N0=
github.com/joho/godotenv v1.5.1/go.mod h1:f4LDr5Voq0i2e/R5DDNOoa2zzDfwtkZa6DnEwAbqwq4=
github.com/tevino/tcp-shaker v0.0.0-20251020080735-c4094cd6c927 h1:BdtSwzS6fNIAC3Ylj3x/ak6PD4EV885gGhWR7eIplEI=
github.com/tevino/tcp-shaker v0.0.0-20251020080735-c4094cd6c927/go.mod h1:S0VUAF1puvgOrlSQqCrJiz2t7yn2gPKYSpGu4+w8eg0=
github.com/tevino/tcp-shaker v0.0.0-20260210162928-fb888f26451b h1:vmeHwA9U5lODKqvdZQxKqy+i1Q2yMwShjxytoszeWmw=
github.com/tevino/tcp-shaker v0.0.0-20260210162928-fb888f26451b/go.mod h1:bNnAwCfoEQXR47eBqFYS9fD6qTcY3t5ZUUgBZskRdcY=
github.com/yuin/gopher-lua v1.1.1 h1:kYKnWBjvbNP4XLT3+bPEwAXJx262OhaHDWDVOPjL46M=
github.com/yuin/gopher-lua v1.1.1/go.mod h1:GBR0iDaNXjAgGg9zfCvksxSRnQx76gclCIb7kdAd1Pw=
golang.org/x/crypto v0.43.0 h1:dduJYIi3A3KOfdGOHX8AVZ/jGiyPa3IbBozJ5kNuE04=
golang.org/x/crypto v0.43.0/go.mod h1:BFbav4mRNlXJL4wNeejLpWxB7wMbc79PdRGhWKncxR0=
golang.org/x/crypto v0.48.0 h1:/VRzVqiRSggnhY7gNRxPauEQ5Drw9haKdM0jqfcCFts=
golang.org/x/crypto v0.48.0/go.mod h1:r0kV5h3qnFPlQnBSrULhlsRfryS2pmewsg+XfMgkVos=
golang.org/x/net v0.46.0 h1:giFlY12I07fugqwPuWJi68oOnpfqFnJIJzaIIm2JVV4=
golang.org/x/net v0.46.0/go.mod h1:Q9BGdFy1y4nkUwiLvT5qtyhAnEHgnQ/zd8PfU6nc210=
golang.org/x/net v0.50.0 h1:ucWh9eiCGyDR3vtzso0WMQinm2Dnt8cFMuQa9K33J60=
golang.org/x/net v0.50.0/go.mod h1:UgoSli3F/pBgdJBHCTc+tp3gmrU4XswgGRgtnwWTfyM=
golang.org/x/sys v0.37.0 h1:fdNQudmxPjkdUTPnLn5mdQv7Zwvbvpaxqs831goi9kQ=
golang.org/x/sys v0.37.0/go.mod h1:OgkHotnGiDImocRcuBABYBEXf8A9a87e/uXjp9XT3ks=
golang.org/x/sys v0.41.0 h1:Ivj+2Cp/ylzLiEU89QhWblYnOE9zerudt9Ftecq2C6k=
golang.org/x/sys v0.41.0/go.mod h1:OgkHotnGiDImocRcuBABYBEXf8A9a87e/uXjp9XT3ks=
